// !$*UTF8*$!
{
	archiveVersion = 1;
	classes = {
	};
	objectVersion = 50;
	objects = {

/* Begin PBXBuildFile section */
		3F2F028D258AFDE3006C7990 /* DescriptionVC.swift in Sources */ = {isa = PBXBuildFile; fileRef = 3F2F028C258AFDE3006C7990 /* DescriptionVC.swift */; };
		3F9FBE2624E61BE100A9F629 /* AppDelegate.swift in Sources */ = {isa = PBXBuildFile; fileRef = 3F9FBE2524E61BE100A9F629 /* AppDelegate.swift */; };
		3F9FBE2824E61BE100A9F629 /* SceneDelegate.swift in Sources */ = {isa = PBXBuildFile; fileRef = 3F9FBE2724E61BE100A9F629 /* SceneDelegate.swift */; };
		3F9FBE2A24E61BE100A9F629 /* HomeVC.swift in Sources */ = {isa = PBXBuildFile; fileRef = 3F9FBE2924E61BE100A9F629 /* HomeVC.swift */; };
		3F9FBE2D24E61BE100A9F629 /* Main.storyboard in Resources */ = {isa = PBXBuildFile; fileRef = 3F9FBE2B24E61BE100A9F629 /* Main.storyboard */; };
		3F9FBE2F24E61BE400A9F629 /* Assets.xcassets in Resources */ = {isa = PBXBuildFile; fileRef = 3F9FBE2E24E61BE400A9F629 /* Assets.xcassets */; };
		3F9FBE3224E61BE400A9F629 /* LaunchScreen.storyboard in Resources */ = {isa = PBXBuildFile; fileRef = 3F9FBE3024E61BE400A9F629 /* LaunchScreen.storyboard */; };
		3F9FBE3D24E61BE400A9F629 /* TopMusicAlbumsTests.swift in Sources */ = {isa = PBXBuildFile; fileRef = 3F9FBE3C24E61BE400A9F629 /* TopMusicAlbumsTests.swift */; };
		3F9FBE4824E61BE400A9F629 /* TopMusicAlbumsUITests.swift in Sources */ = {isa = PBXBuildFile; fileRef = 3F9FBE4724E61BE400A9F629 /* TopMusicAlbumsUITests.swift */; };
		3FCB660C257894A5001B6C29 /* NetworkingClient.swift in Sources */ = {isa = PBXBuildFile; fileRef = 3FCB660B257894A5001B6C29 /* NetworkingClient.swift */; };
		3FCB660E2578A601001B6C29 /* AlbumTableViewCell.swift in Sources */ = {isa = PBXBuildFile; fileRef = 3FCB660D2578A601001B6C29 /* AlbumTableViewCell.swift */; };
		3FCB66102579C21B001B6C29 /* ResultViewModel.swift in Sources */ = {isa = PBXBuildFile; fileRef = 3FCB660F2579C21B001B6C29 /* ResultViewModel.swift */; };
		3FEA9C21256CEF6E001DAE61 /* MusicFeed.swift in Sources */ = {isa = PBXBuildFile; fileRef = 3FEA9C20256CEF6E001DAE61 /* MusicFeed.swift */; };
/* End PBXBuildFile section */

/* Begin PBXContainerItemProxy section */
		3F9FBE3924E61BE400A9F629 /* PBXContainerItemProxy */ = {
			isa = PBXContainerItemProxy;
			containerPortal = 3F9FBE1A24E61BE100A9F629 /* Project object */;
			proxyType = 1;
			remoteGlobalIDString = 3F9FBE2124E61BE100A9F629;
			remoteInfo = TopMusicAlbums;
		};
		3F9FBE4424E61BE400A9F629 /* PBXContainerItemProxy */ = {
			isa = PBXContainerItemProxy;
			containerPortal = 3F9FBE1A24E61BE100A9F629 /* Project object */;
			proxyType = 1;
			remoteGlobalIDString = 3F9FBE2124E61BE100A9F629;
			remoteInfo = TopMusicAlbums;
		};
/* End PBXContainerItemProxy section */

/* Begin PBXFileReference section */
		3F2F028C258AFDE3006C7990 /* DescriptionVC.swift */ = {isa = PBXFileReference; lastKnownFileType = sourcecode.swift; path = DescriptionVC.swift; sourceTree = "<group>"; };
		3F9FBE2224E61BE100A9F629 /* TopMusicAlbums.app */ = {isa = PBXFileReference; explicitFileType = wrapper.application; includeInIndex = 0; path = TopMusicAlbums.app; sourceTree = BUILT_PRODUCTS_DIR; };
		3F9FBE2524E61BE100A9F629 /* AppDelegate.swift */ = {isa = PBXFileReference; lastKnownFileType = sourcecode.swift; path = AppDelegate.swift; sourceTree = "<group>"; };
		3F9FBE2724E61BE100A9F629 /* SceneDelegate.swift */ = {isa = PBXFileReference; lastKnownFileType = sourcecode.swift; path = SceneDelegate.swift; sourceTree = "<group>"; };
		3F9FBE2924E61BE100A9F629 /* HomeVC.swift */ = {isa = PBXFileReference; lastKnownFileType = sourcecode.swift; path = HomeVC.swift; sourceTree = "<group>"; };
		3F9FBE2C24E61BE100A9F629 /* Base */ = {isa = PBXFileReference; lastKnownFileType = file.storyboard; name = Base; path = Base.lproj/Main.storyboard; sourceTree = "<group>"; };
		3F9FBE2E24E61BE400A9F629 /* Assets.xcassets */ = {isa = PBXFileReference; lastKnownFileType = folder.assetcatalog; path = Assets.xcassets; sourceTree = "<group>"; };
		3F9FBE3124E61BE400A9F629 /* Base */ = {isa = PBXFileReference; lastKnownFileType = file.storyboard; name = Base; path = Base.lproj/LaunchScreen.storyboard; sourceTree = "<group>"; };
		3F9FBE3324E61BE400A9F629 /* Info.plist */ = {isa = PBXFileReference; lastKnownFileType = text.plist.xml; path = Info.plist; sourceTree = "<group>"; };
		3F9FBE3824E61BE400A9F629 /* TopMusicAlbumsTests.xctest */ = {isa = PBXFileReference; explicitFileType = wrapper.cfbundle; includeInIndex = 0; path = TopMusicAlbumsTests.xctest; sourceTree = BUILT_PRODUCTS_DIR; };
		3F9FBE3C24E61BE400A9F629 /* TopMusicAlbumsTests.swift */ = {isa = PBXFileReference; lastKnownFileType = sourcecode.swift; path = TopMusicAlbumsTests.swift; sourceTree = "<group>"; };
		3F9FBE3E24E61BE400A9F629 /* Info.plist */ = {isa = PBXFileReference; lastKnownFileType = text.plist.xml; path = Info.plist; sourceTree = "<group>"; };
		3F9FBE4324E61BE400A9F629 /* TopMusicAlbumsUITests.xctest */ = {isa = PBXFileReference; explicitFileType = wrapper.cfbundle; includeInIndex = 0; path = TopMusicAlbumsUITests.xctest; sourceTree = BUILT_PRODUCTS_DIR; };
		3F9FBE4724E61BE400A9F629 /* TopMusicAlbumsUITests.swift */ = {isa = PBXFileReference; lastKnownFileType = sourcecode.swift; path = TopMusicAlbumsUITests.swift; sourceTree = "<group>"; };
		3F9FBE4924E61BE400A9F629 /* Info.plist */ = {isa = PBXFileReference; lastKnownFileType = text.plist.xml; path = Info.plist; sourceTree = "<group>"; };
		3FCB660B257894A5001B6C29 /* NetworkingClient.swift */ = {isa = PBXFileReference; lastKnownFileType = sourcecode.swift; path = NetworkingClient.swift; sourceTree = "<group>"; };
		3FCB660D2578A601001B6C29 /* AlbumTableViewCell.swift */ = {isa = PBXFileReference; lastKnownFileType = sourcecode.swift; path = AlbumTableViewCell.swift; sourceTree = "<group>"; };
		3FCB660F2579C21B001B6C29 /* ResultViewModel.swift */ = {isa = PBXFileReference; lastKnownFileType = sourcecode.swift; path = ResultViewModel.swift; sourceTree = "<group>"; };
		3FEA9C20256CEF6E001DAE61 /* MusicFeed.swift */ = {isa = PBXFileReference; lastKnownFileType = sourcecode.swift; path = MusicFeed.swift; sourceTree = "<group>"; };
/* End PBXFileReference section */

/* Begin PBXFrameworksBuildPhase section */
		3F9FBE1F24E61BE100A9F629 /* Frameworks */ = {
			isa = PBXFrameworksBuildPhase;
			buildActionMask = 2147483647;
			files = (
			);
			runOnlyForDeploymentPostprocessing = 0;
		};
		3F9FBE3524E61BE400A9F629 /* Frameworks */ = {
			isa = PBXFrameworksBuildPhase;
			buildActionMask = 2147483647;
			files = (
			);
			runOnlyForDeploymentPostprocessing = 0;
		};
		3F9FBE4024E61BE400A9F629 /* Frameworks */ = {
			isa = PBXFrameworksBuildPhase;
			buildActionMask = 2147483647;
			files = (
			);
			runOnlyForDeploymentPostprocessing = 0;
		};
/* End PBXFrameworksBuildPhase section */

/* Begin PBXGroup section */
		3F9FBE1924E61BE100A9F629 = {
			isa = PBXGroup;
			children = (
				3F9FBE2424E61BE100A9F629 /* TopMusicAlbums */,
				3F9FBE3B24E61BE400A9F629 /* TopMusicAlbumsTests */,
				3F9FBE4624E61BE400A9F629 /* TopMusicAlbumsUITests */,
				3F9FBE2324E61BE100A9F629 /* Products */,
			);
			sourceTree = "<group>";
		};
		3F9FBE2324E61BE100A9F629 /* Products */ = {
			isa = PBXGroup;
			children = (
				3F9FBE2224E61BE100A9F629 /* TopMusicAlbums.app */,
				3F9FBE3824E61BE400A9F629 /* TopMusicAlbumsTests.xctest */,
				3F9FBE4324E61BE400A9F629 /* TopMusicAlbumsUITests.xctest */,
			);
			name = Products;
			sourceTree = "<group>";
		};
		3F9FBE2424E61BE100A9F629 /* TopMusicAlbums */ = {
			isa = PBXGroup;
			children = (
				3FCB660A25789412001B6C29 /* Networking */,
				3FEA9C1F256CEF34001DAE61 /* Model */,
				3FCB660625788EEC001B6C29 /* View */,
				3FCB660525788ECD001B6C29 /* ViewModel */,
				3FCB660725788F15001B6C29 /* Controllers */,
				3FCB660825789026001B6C29 /* Delegate */,
				3FCB66092578903B001B6C29 /* Resources */,
			);
			path = TopMusicAlbums;
			sourceTree = "<group>";
		};
		3F9FBE3B24E61BE400A9F629 /* TopMusicAlbumsTests */ = {
			isa = PBXGroup;
			children = (
				3F9FBE3C24E61BE400A9F629 /* TopMusicAlbumsTests.swift */,
				3F9FBE3E24E61BE400A9F629 /* Info.plist */,
			);
			path = TopMusicAlbumsTests;
			sourceTree = "<group>";
		};
		3F9FBE4624E61BE400A9F629 /* TopMusicAlbumsUITests */ = {
			isa = PBXGroup;
			children = (
				3F9FBE4724E61BE400A9F629 /* TopMusicAlbumsUITests.swift */,
				3F9FBE4924E61BE400A9F629 /* Info.plist */,
			);
			path = TopMusicAlbumsUITests;
			sourceTree = "<group>";
		};
		3FCB660525788ECD001B6C29 /* ViewModel */ = {
			isa = PBXGroup;
			children = (
				3FCB660F2579C21B001B6C29 /* ResultViewModel.swift */,
			);
			path = ViewModel;
			sourceTree = "<group>";
		};
		3FCB660625788EEC001B6C29 /* View */ = {
			isa = PBXGroup;
			children = (
				3F9FBE2B24E61BE100A9F629 /* Main.storyboard */,
				3F9FBE3024E61BE400A9F629 /* LaunchScreen.storyboard */,
				3FCB660D2578A601001B6C29 /* AlbumTableViewCell.swift */,
			);
			path = View;
			sourceTree = "<group>";
		};
		3FCB660725788F15001B6C29 /* Controllers */ = {
			isa = PBXGroup;
			children = (
				3F9FBE2924E61BE100A9F629 /* HomeVC.swift */,
				3F2F028C258AFDE3006C7990 /* DescriptionVC.swift */,
			);
			path = Controllers;
			sourceTree = "<group>";
		};
		3FCB660825789026001B6C29 /* Delegate */ = {
			isa = PBXGroup;
			children = (
				3F9FBE2724E61BE100A9F629 /* SceneDelegate.swift */,
				3F9FBE2524E61BE100A9F629 /* AppDelegate.swift */,
			);
			path = Delegate;
			sourceTree = "<group>";
		};
		3FCB66092578903B001B6C29 /* Resources */ = {
			isa = PBXGroup;
			children = (
				3F9FBE3324E61BE400A9F629 /* Info.plist */,
				3F9FBE2E24E61BE400A9F629 /* Assets.xcassets */,
			);
			path = Resources;
			sourceTree = "<group>";
		};
		3FCB660A25789412001B6C29 /* Networking */ = {
			isa = PBXGroup;
			children = (
				3FCB660B257894A5001B6C29 /* NetworkingClient.swift */,
			);
			path = Networking;
			sourceTree = "<group>";
		};
		3FEA9C1F256CEF34001DAE61 /* Model */ = {
			isa = PBXGroup;
			children = (
				3FEA9C20256CEF6E001DAE61 /* MusicFeed.swift */,
			);
			path = Model;
			sourceTree = "<group>";
		};
/* End PBXGroup section */

/* Begin PBXNativeTarget section */
		3F9FBE2124E61BE100A9F629 /* TopMusicAlbums */ = {
			isa = PBXNativeTarget;
			buildConfigurationList = 3F9FBE4C24E61BE400A9F629 /* Build configuration list for PBXNativeTarget "TopMusicAlbums" */;
			buildPhases = (
				3F9FBE1E24E61BE100A9F629 /* Sources */,
				3F9FBE1F24E61BE100A9F629 /* Frameworks */,
				3F9FBE2024E61BE100A9F629 /* Resources */,
			);
			buildRules = (
			);
			dependencies = (
			);
			name = TopMusicAlbums;
			productName = TopMusicAlbums;
			productReference = 3F9FBE2224E61BE100A9F629 /* TopMusicAlbums.app */;
			productType = "com.apple.product-type.application";
		};
		3F9FBE3724E61BE400A9F629 /* TopMusicAlbumsTests */ = {
			isa = PBXNativeTarget;
			buildConfigurationList = 3F9FBE4F24E61BE400A9F629 /* Build configuration list for PBXNativeTarget "TopMusicAlbumsTests" */;
			buildPhases = (
				3F9FBE3424E61BE400A9F629 /* Sources */,
				3F9FBE3524E61BE400A9F629 /* Frameworks */,
				3F9FBE3624E61BE400A9F629 /* Resources */,
			);
			buildRules = (
			);
			dependencies = (
				3F9FBE3A24E61BE400A9F629 /* PBXTargetDependency */,
			);
			name = TopMusicAlbumsTests;
			productName = TopMusicAlbumsTests;
			productReference = 3F9FBE3824E61BE400A9F629 /* TopMusicAlbumsTests.xctest */;
			productType = "com.apple.product-type.bundle.unit-test";
		};
		3F9FBE4224E61BE400A9F629 /* TopMusicAlbumsUITests */ = {
			isa = PBXNativeTarget;
			buildConfigurationList = 3F9FBE5224E61BE400A9F629 /* Build configuration list for PBXNativeTarget "TopMusicAlbumsUITests" */;
			buildPhases = (
				3F9FBE3F24E61BE400A9F629 /* Sources */,
				3F9FBE4024E61BE400A9F629 /* Frameworks */,
				3F9FBE4124E61BE400A9F629 /* Resources */,
			);
			buildRules = (
			);
			dependencies = (
				3F9FBE4524E61BE400A9F629 /* PBXTargetDependency */,
			);
			name = TopMusicAlbumsUITests;
			productName = TopMusicAlbumsUITests;
			productReference = 3F9FBE4324E61BE400A9F629 /* TopMusicAlbumsUITests.xctest */;
			productType = "com.apple.product-type.bundle.ui-testing";
		};
/* End PBXNativeTarget section */

/* Begin PBXProject section */
		3F9FBE1A24E61BE100A9F629 /* Project object */ = {
			isa = PBXProject;
			attributes = {
				LastSwiftUpdateCheck = 1150;
				LastUpgradeCheck = 1150;
				ORGANIZATIONNAME = "Edgar Delgado";
				TargetAttributes = {
					3F9FBE2124E61BE100A9F629 = {
						CreatedOnToolsVersion = 11.5;
					};
					3F9FBE3724E61BE400A9F629 = {
						CreatedOnToolsVersion = 11.5;
						TestTargetID = 3F9FBE2124E61BE100A9F629;
					};
					3F9FBE4224E61BE400A9F629 = {
						CreatedOnToolsVersion = 11.5;
						TestTargetID = 3F9FBE2124E61BE100A9F629;
					};
				};
			};
			buildConfigurationList = 3F9FBE1D24E61BE100A9F629 /* Build configuration list for PBXProject "TopMusicAlbums" */;
			compatibilityVersion = "Xcode 9.3";
			developmentRegion = en;
			hasScannedForEncodings = 0;
			knownRegions = (
				en,
				Base,
			);
			mainGroup = 3F9FBE1924E61BE100A9F629;
			productRefGroup = 3F9FBE2324E61BE100A9F629 /* Products */;
			projectDirPath = "";
			projectRoot = "";
			targets = (
				3F9FBE2124E61BE100A9F629 /* TopMusicAlbums */,
				3F9FBE3724E61BE400A9F629 /* TopMusicAlbumsTests */,
				3F9FBE4224E61BE400A9F629 /* TopMusicAlbumsUITests */,
			);
		};
/* End PBXProject section */

/* Begin PBXResourcesBuildPhase section */
		3F9FBE2024E61BE100A9F629 /* Resources */ = {
			isa = PBXResourcesBuildPhase;
			buildActionMask = 2147483647;
			files = (
				3F9FBE3224E61BE400A9F629 /* LaunchScreen.storyboard in Resources */,
				3F9FBE2F24E61BE400A9F629 /* Assets.xcassets in Resources */,
				3F9FBE2D24E61BE100A9F629 /* Main.storyboard in Resources */,
			);
			runOnlyForDeploymentPostprocessing = 0;
		};
		3F9FBE3624E61BE400A9F629 /* Resources */ = {
			isa = PBXResourcesBuildPhase;
			buildActionMask = 2147483647;
			files = (
			);
			runOnlyForDeploymentPostprocessing = 0;
		};
		3F9FBE4124E61BE400A9F629 /* Resources */ = {
			isa = PBXResourcesBuildPhase;
			buildActionMask = 2147483647;
			files = (
			);
			runOnlyForDeploymentPostprocessing = 0;
		};
/* End PBXResourcesBuildPhase section */

/* Begin PBXSourcesBuildPhase section */
		3F9FBE1E24E61BE100A9F629 /* Sources */ = {
			isa = PBXSourcesBuildPhase;
			buildActionMask = 2147483647;
			files = (
				3F9FBE2A24E61BE100A9F629 /* HomeVC.swift in Sources */,
				3FCB66102579C21B001B6C29 /* ResultViewModel.swift in Sources */,
				3FCB660C257894A5001B6C29 /* NetworkingClient.swift in Sources */,
				3F2F028D258AFDE3006C7990 /* DescriptionVC.swift in Sources */,
				3F9FBE2624E61BE100A9F629 /* AppDelegate.swift in Sources */,
				3F9FBE2824E61BE100A9F629 /* SceneDelegate.swift in Sources */,
				3FEA9C21256CEF6E001DAE61 /* MusicFeed.swift in Sources */,
				3FCB660E2578A601001B6C29 /* AlbumTableViewCell.swift in Sources */,
			);
			runOnlyForDeploymentPostprocessing = 0;
		};
		3F9FBE3424E61BE400A9F629 /* Sources */ = {
			isa = PBXSourcesBuildPhase;
			buildActionMask = 2147483647;
			files = (
				3F9FBE3D24E61BE400A9F629 /* TopMusicAlbumsTests.swift in Sources */,
			);
			runOnlyForDeploymentPostprocessing = 0;
		};
		3F9FBE3F24E61BE400A9F629 /* Sources */ = {
			isa = PBXSourcesBuildPhase;
			buildActionMask = 2147483647;
			files = (
				3F9FBE4824E61BE400A9F629 /* TopMusicAlbumsUITests.swift in Sources */,
			);
			runOnlyForDeploymentPostprocessing = 0;
		};
/* End PBXSourcesBuildPhase section */

/* Begin PBXTargetDependency section */
		3F9FBE3A24E61BE400A9F629 /* PBXTargetDependency */ = {
			isa = PBXTargetDependency;
			target = 3F9FBE2124E61BE100A9F629 /* TopMusicAlbums */;
			targetProxy = 3F9FBE3924E61BE400A9F629 /* PBXContainerItemProxy */;
		};
		3F9FBE4524E61BE400A9F629 /* PBXTargetDependency */ = {
			isa = PBXTargetDependency;
			target = 3F9FBE2124E61BE100A9F629 /* TopMusicAlbums */;
			targetProxy = 3F9FBE4424E61BE400A9F629 /* PBXContainerItemProxy */;
		};
/* End PBXTargetDependency section */

/* Begin PBXVariantGroup section */
		3F9FBE2B24E61BE100A9F629 /* Main.storyboard */ = {
			isa = PBXVariantGroup;
			children = (
				3F9FBE2C24E61BE100A9F629 /* Base */,
			);
			name = Main.storyboard;
			sourceTree = "<group>";
		};
		3F9FBE3024E61BE400A9F629 /* LaunchScreen.storyboard */ = {
			isa = PBXVariantGroup;
			children = (
				3F9FBE3124E61BE400A9F629 /* Base */,
			);
			name = LaunchScreen.storyboard;
			sourceTree = "<group>";
		};
/* End PBXVariantGroup section */

/* Begin XCBuildConfiguration section */
		3F9FBE4A24E61BE400A9F629 /* Debug */ = {
			isa = XCBuildConfiguration;
			buildSettings = {
				ALWAYS_SEARCH_USER_PATHS = NO;
				CLANG_ANALYZER_NONNULL = YES;
				CLANG_ANALYZER_NUMBER_OBJECT_CONVERSION = YES_AGGRESSIVE;
				CLANG_CXX_LANGUAGE_STANDARD = "gnu++14";
				CLANG_CXX_LIBRARY = "libc++";
				CLANG_ENABLE_MODULES = YES;
				CLANG_ENABLE_OBJC_ARC = YES;
				CLANG_ENABLE_OBJC_WEAK = YES;
				CLANG_WARN_BLOCK_CAPTURE_AUTORELEASING = YES;
				CLANG_WARN_BOOL_CONVERSION = YES;
				CLANG_WARN_COMMA = YES;
				CLANG_WARN_CONSTANT_CONVERSION = YES;
				CLANG_WARN_DEPRECATED_OBJC_IMPLEMENTATIONS = YES;
				CLANG_WARN_DIRECT_OBJC_ISA_USAGE = YES_ERROR;
				CLANG_WARN_DOCUMENTATION_COMMENTS = YES;
				CLANG_WARN_EMPTY_BODY = YES;
				CLANG_WARN_ENUM_CONVERSION = YES;
				CLANG_WARN_INFINITE_RECURSION = YES;
				CLANG_WARN_INT_CONVERSION = YES;
				CLANG_WARN_NON_LITERAL_NULL_CONVERSION = YES;
				CLANG_WARN_OBJC_IMPLICIT_RETAIN_SELF = YES;
				CLANG_WARN_OBJC_LITERAL_CONVERSION = YES;
				CLANG_WARN_OBJC_ROOT_CLASS = YES_ERROR;
				CLANG_WARN_RANGE_LOOP_ANALYSIS = YES;
				CLANG_WARN_STRICT_PROTOTYPES = YES;
				CLANG_WARN_SUSPICIOUS_MOVE = YES;
				CLANG_WARN_UNGUARDED_AVAILABILITY = YES_AGGRESSIVE;
				CLANG_WARN_UNREACHABLE_CODE = YES;
				CLANG_WARN__DUPLICATE_METHOD_MATCH = YES;
				COPY_PHASE_STRIP = NO;
				DEBUG_INFORMATION_FORMAT = dwarf;
				ENABLE_STRICT_OBJC_MSGSEND = YES;
				ENABLE_TESTABILITY = YES;
				GCC_C_LANGUAGE_STANDARD = gnu11;
				GCC_DYNAMIC_NO_PIC = NO;
				GCC_NO_COMMON_BLOCKS = YES;
				GCC_OPTIMIZATION_LEVEL = 0;
				GCC_PREPROCESSOR_DEFINITIONS = (
					"DEBUG=1",
					"$(inherited)",
				);
				GCC_WARN_64_TO_32_BIT_CONVERSION = YES;
				GCC_WARN_ABOUT_RETURN_TYPE = YES_ERROR;
				GCC_WARN_UNDECLARED_SELECTOR = YES;
				GCC_WARN_UNINITIALIZED_AUTOS = YES_AGGRESSIVE;
				GCC_WARN_UNUSED_FUNCTION = YES;
				GCC_WARN_UNUSED_VARIABLE = YES;
				IPHONEOS_DEPLOYMENT_TARGET = 13.5;
				MTL_ENABLE_DEBUG_INFO = INCLUDE_SOURCE;
				MTL_FAST_MATH = YES;
				ONLY_ACTIVE_ARCH = YES;
				SDKROOT = iphoneos;
				SWIFT_ACTIVE_COMPILATION_CONDITIONS = DEBUG;
				SWIFT_OPTIMIZATION_LEVEL = "-Onone";
			};
			name = Debug;
		};
		3F9FBE4B24E61BE400A9F629 /* Release */ = {
			isa = XCBuildConfiguration;
			buildSettings = {
				ALWAYS_SEARCH_USER_PATHS = NO;
				CLANG_ANALYZER_NONNULL = YES;
				CLANG_ANALYZER_NUMBER_OBJECT_CONVERSION = YES_AGGRESSIVE;
				CLANG_CXX_LANGUAGE_STANDARD = "gnu++14";
				CLANG_CXX_LIBRARY = "libc++";
				CLANG_ENABLE_MODULES = YES;
				CLANG_ENABLE_OBJC_ARC = YES;
				CLANG_ENABLE_OBJC_WEAK = YES;
				CLANG_WARN_BLOCK_CAPTURE_AUTORELEASING = YES;
				CLANG_WARN_BOOL_CONVERSION = YES;
				CLANG_WARN_COMMA = YES;
				CLANG_WARN_CONSTANT_CONVERSION = YES;
				CLANG_WARN_DEPRECATED_OBJC_IMPLEMENTATIONS = YES;
				CLANG_WARN_DIRECT_OBJC_ISA_USAGE = YES_ERROR;
				CLANG_WARN_DOCUMENTATION_COMMENTS = YES;
				CLANG_WARN_EMPTY_BODY = YES;
				CLANG_WARN_ENUM_CONVERSION = YES;
				CLANG_WARN_INFINITE_RECURSION = YES;
				CLANG_WARN_INT_CONVERSION = YES;
				CLANG_WARN_NON_LITERAL_NULL_CONVERSION = YES;
				CLANG_WARN_OBJC_IMPLICIT_RETAIN_SELF = YES;
				CLANG_WARN_OBJC_LITERAL_CONVERSION = YES;
				CLANG_WARN_OBJC_ROOT_CLASS = YES_ERROR;
				CLANG_WARN_RANGE_LOOP_ANALYSIS = YES;
				CLANG_WARN_STRICT_PROTOTYPES = YES;
				CLANG_WARN_SUSPICIOUS_MOVE = YES;
				CLANG_WARN_UNGUARDED_AVAILABILITY = YES_AGGRESSIVE;
				CLANG_WARN_UNREACHABLE_CODE = YES;
				CLANG_WARN__DUPLICATE_METHOD_MATCH = YES;
				COPY_PHASE_STRIP = NO;
				DEBUG_INFORMATION_FORMAT = "dwarf-with-dsym";
				ENABLE_NS_ASSERTIONS = NO;
				ENABLE_STRICT_OBJC_MSGSEND = YES;
				GCC_C_LANGUAGE_STANDARD = gnu11;
				GCC_NO_COMMON_BLOCKS = YES;
				GCC_WARN_64_TO_32_BIT_CONVERSION = YES;
				GCC_WARN_ABOUT_RETURN_TYPE = YES_ERROR;
				GCC_WARN_UNDECLARED_SELECTOR = YES;
				GCC_WARN_UNINITIALIZED_AUTOS = YES_AGGRESSIVE;
				GCC_WARN_UNUSED_FUNCTION = YES;
				GCC_WARN_UNUSED_VARIABLE = YES;
				IPHONEOS_DEPLOYMENT_TARGET = 13.5;
				MTL_ENABLE_DEBUG_INFO = NO;
				MTL_FAST_MATH = YES;
				SDKROOT = iphoneos;
				SWIFT_COMPILATION_MODE = wholemodule;
				SWIFT_OPTIMIZATION_LEVEL = "-O";
				VALIDATE_PRODUCT = YES;
			};
			name = Release;
		};
		3F9FBE4D24E61BE400A9F629 /* Debug */ = {
			isa = XCBuildConfiguration;
			buildSettings = {
				ASSETCATALOG_COMPILER_APPICON_NAME = AppIcon;
				CODE_SIGN_STYLE = Automatic;
				DEVELOPMENT_TEAM = 5SJXENS48L;
				INFOPLIST_FILE = TopMusicAlbums/Resources/Info.plist;
				LD_RUNPATH_SEARCH_PATHS = (
					"$(inherited)",
					"@executable_path/Frameworks",
				);
				PRODUCT_BUNDLE_IDENTIFIER = com.example.TopMusicAlbums;
				PRODUCT_NAME = "$(TARGET_NAME)";
				SWIFT_VERSION = 5.0;
				TARGETED_DEVICE_FAMILY = "1,2";
			};
			name = Debug;
		};
		3F9FBE4E24E61BE400A9F629 /* Release */ = {
			isa = XCBuildConfiguration;
			buildSettings = {
				ASSETCATALOG_COMPILER_APPICON_NAME = AppIcon;
				CODE_SIGN_STYLE = Automatic;
				DEVELOPMENT_TEAM = 5SJXENS48L;
				INFOPLIST_FILE = TopMusicAlbums/Resources/Info.plist;
				LD_RUNPATH_SEARCH_PATHS = (
					"$(inherited)",
					"@executable_path/Frameworks",
				);
				PRODUCT_BUNDLE_IDENTIFIER = com.example.TopMusicAlbums;
				PRODUCT_NAME = "$(TARGET_NAME)";
				SWIFT_VERSION = 5.0;
				TARGETED_DEVICE_FAMILY = "1,2";
			};
			name = Release;
		};
		3F9FBE5024E61BE400A9F629 /* Debug */ = {
			isa = XCBuildConfiguration;
			buildSettings = {
				ALWAYS_EMBED_SWIFT_STANDARD_LIBRARIES = YES;
				BUNDLE_LOADER = "$(TEST_HOST)";
				CODE_SIGN_STYLE = Automatic;
				DEVELOPMENT_TEAM = 5SJXENS48L;
				INFOPLIST_FILE = TopMusicAlbumsTests/Info.plist;
				IPHONEOS_DEPLOYMENT_TARGET = 13.5;
				LD_RUNPATH_SEARCH_PATHS = (
					"$(inherited)",
					"@executable_path/Frameworks",
					"@loader_path/Frameworks",
				);
				PRODUCT_BUNDLE_IDENTIFIER = com.example.TopMusicAlbumsTests;
				PRODUCT_NAME = "$(TARGET_NAME)";
				SWIFT_VERSION = 5.0;
				TARGETED_DEVICE_FAMILY = "1,2";
				TEST_HOST = "$(BUILT_PRODUCTS_DIR)/TopMusicAlbums.app/TopMusicAlbums";
			};
			name = Debug;
		};
		3F9FBE5124E61BE400A9F629 /* Release */ = {
			isa = XCBuildConfiguration;
			buildSettings = {
				ALWAYS_EMBED_SWIFT_STANDARD_LIBRARIES = YES;
				BUNDLE_LOADER = "$(TEST_HOST)";
				CODE_SIGN_STYLE = Automatic;
				DEVELOPMENT_TEAM = 5SJXENS48L;
				INFOPLIST_FILE = TopMusicAlbumsTests/Info.plist;
				IPHONEOS_DEPLOYMENT_TARGET = 13.5;
				LD_RUNPATH_SEARCH_PATHS = (
					"$(inherited)",
					"@executable_path/Frameworks",
					"@loader_path/Frameworks",
				);
				PRODUCT_BUNDLE_IDENTIFIER = com.example.TopMusicAlbumsTests;
				PRODUCT_NAME = "$(TARGET_NAME)";
				SWIFT_VERSION = 5.0;
				TARGETED_DEVICE_FAMILY = "1,2";
				TEST_HOST = "$(BUILT_PRODUCTS_DIR)/TopMusicAlbums.app/TopMusicAlbums";
			};
			name = Release;
		};
		3F9FBE5324E61BE400A9F629 /* Debug */ = {
			isa = XCBuildConfiguration;
			buildSettings = {
				ALWAYS_EMBED_SWIFT_STANDARD_LIBRARIES = YES;
				CODE_SIGN_STYLE = Automatic;
				DEVELOPMENT_TEAM = 5SJXENS48L;
				INFOPLIST_FILE = TopMusicAlbumsUITests/Info.plist;
				LD_RUNPATH_SEARCH_PATHS = (
					"$(inherited)",
					"@executable_path/Frameworks",
					"@loader_path/Frameworks",
				);
				PRODUCT_BUNDLE_IDENTIFIER = com.example.TopMusicAlbumsUITests;
				PRODUCT_NAME = "$(TARGET_NAME)";
				SWIFT_VERSION = 5.0;
				TARGETED_DEVICE_FAMILY = "1,2";
				TEST_TARGET_NAME = TopMusicAlbums;
			};
			name = Debug;
		};
		3F9FBE5424E61BE400A9F629 /* Release */ = {
			isa = XCBuildConfiguration;
			buildSettings = {
				ALWAYS_EMBED_SWIFT_STANDARD_LIBRARIES = YES;
				CODE_SIGN_STYLE = Automatic;
				DEVELOPMENT_TEAM = 5SJXENS48L;
				INFOPLIST_FILE = TopMusicAlbumsUITests/Info.plist;
				LD_RUNPATH_SEARCH_PATHS = (
					"$(inherited)",
					"@executable_path/Frameworks",
					"@loader_path/Frameworks",
				);
				PRODUCT_BUNDLE_IDENTIFIER = com.example.TopMusicAlbumsUITests;
				PRODUCT_NAME = "$(TARGET_NAME)";
				SWIFT_VERSION = 5.0;
				TARGETED_DEVICE_FAMILY = "1,2";
				TEST_TARGET_NAME = TopMusicAlbums;
			};
			name = Release;
		};
/* End XCBuildConfiguration section */

/* Begin XCConfigurationList section */
		3F9FBE1D24E61BE100A9F629 /* Build configuration list for PBXProject "TopMusicAlbums" */ = {
			isa = XCConfigurationList;
			buildConfigurations = (
				3F9FBE4A24E61BE400A9F629 /* Debug */,
				3F9FBE4B24E61BE400A9F629 /* Release */,
			);
			defaultConfigurationIsVisible = 0;
			defaultConfigurationName = Release;
		};
		3F9FBE4C24E61BE400A9F629 /* Build configuration list for PBXNativeTarget "TopMusicAlbums" */ = {
			isa = XCConfigurationList;
			buildConfigurations = (
				3F9FBE4D24E61BE400A9F629 /* Debug */,
				3F9FBE4E24E61BE400A9F629 /* Release */,
			);
			defaultConfigurationIsVisible = 0;
			defaultConfigurationName = Release;
		};
		3F9FBE4F24E61BE400A9F629 /* Build configuration list for PBXNativeTarget "TopMusicAlbumsTests" */ = {
			isa = XCConfigurationList;
			buildConfigurations = (
				3F9FBE5024E61BE400A9F629 /* Debug */,
				3F9FBE5124E61BE400A9F629 /* Release */,
			);
			defaultConfigurationIsVisible = 0;
			defaultConfigurationName = Release;
		};
		3F9FBE5224E61BE400A9F629 /* Build configuration list for PBXNativeTarget "TopMusicAlbumsUITests" */ = {
			isa = XCConfigurationList;
			buildConfigurations = (
				3F9FBE5324E61BE400A9F629 /* Debug */,
				3F9FBE5424E61BE400A9F629 /* Release */,
			);
			defaultConfigurationIsVisible = 0;
			defaultConfigurationName = Release;
		};
/* End XCConfigurationList section */
	};
	rootObject = 3F9FBE1A24E61BE100A9F629 /* Project object */;
}
